
Microsoft Visual Studio Solution File, Format Version 11.00
# Visual Studio 2010
Project("{FAE04EC0-301F-11D3-BF4B-00C04F79EFBC}") = "View_Winform", "View_Winform\View_Winform.csproj", "{0E7115DC-39AD-42FE-BD8A-E30D5EDB4D0E}"
EndProject
Project("{FAE04EC0-301F-11D3-BF4B-00C04F79EFBC}") = "HYHTTPRequestLib", "HYHTTPRequestLib\HYHTTPRequestLib.csproj", "{5AAB9F8A-4498-48B9-8B2C-AF94961BC6B1}"
EndProject
Project("{FAE04EC0-301F-11D3-BF4B-00C04F79EFBC}") = "HYLogLib", "HYLogLib\HYLogLib.csproj", "{92CABCA8-2DD2-48C6-8884-37791B003F40}"
EndProject
Project("{FAE04EC0-301F-11D3-BF4B-00C04F79EFBC}") = "HYCoreLib", "HYCore\HYCoreLib.csproj", "{7D437CF4-B7D4-414D-B660-583788D70A53}"
EndProject
Project("{FAE04EC0-301F-11D3-BF4B-00C04F79EFBC}") = "HYSysManageLib", "HYSysManage\HYSysManageLib.csproj", "{6E6F7216-AEA2-4D6C-8536-2D29253984FB}"
EndProject
Project("{FAE04EC0-301F-11D3-BF4B-00C04F79EFBC}") = "HYBPMLib", "HYBPM\HYBPMLib.csproj", "{1628E536-72EE-4577-8896-C9521705F787}"
EndProject
Project("{FAE04EC0-301F-11D3-BF4B-00C04F79EFBC}") = "HYDictionaryLib", "HYDictionaryLib\HYDictionaryLib.csproj", "{8D824DFF-29CC-40C3-83DF-2ED1427A3B22}"
EndProject
Project("{FAE04EC0-301F-11D3-BF4B-00C04F79EFBC}") = "HYAutoUpdateLib", "HYAutoUpdateLib\HYAutoUpdateLib.csproj", "{510827DC-9C30-4168-90A3-43BC5239E6C9}"
EndProject
Project("{FAE04EC0-301F-11D3-BF4B-00C04F79EFBC}") = "HYCheckEnvLib", "HYCheckEnvLib\HYCheckEnvLib.csproj", "{57FF91E9-F377-47EB-8C01-B369B11339EC}"
EndProject
Project("{FAE04EC0-301F-11D3-BF4B-00C04F79EFBC}") = "HYLoadingLib", "HYLoadingLib\HYLoadingLib.csproj", "{C30A75AF-3D44-4FE5-9C71-CA25E7ED85DD}"
EndProject
Project("{FAE04EC0-301F-11D3-BF4B-00C04F79EFBC}") = "HYAppInitLib", "HYAppInitLib\HYAppInitLib.csproj", "{19150777-C9DC-49D7-A376-447E78C766F0}"
EndProject
Project("{FAE04EC0-301F-11D3-BF4B-00C04F79EFBC}") = "WcfExtension.ConfigCenter", "WcfExtension.ConfigCenter\WcfExtension.ConfigCenter.csproj", "{96591F43-FE61-46C9-8FD6-8177B6BDEBBD}"
EndProject
Project("{FAE04EC0-301F-11D3-BF4B-00C04F79EFBC}") = "WcfExtension.LogCenter", "WcfExtension.LogCenter\WcfExtension.LogCenter.csproj", "{F2A303C6-CC4B-4239-841F-14EDA38905EC}"
EndProject
Project("{FAE04EC0-301F-11D3-BF4B-00C04F79EFBC}") = "WcfExtension", "WcfExtension\WcfExtension.csproj", "{A3E0A3E3-0BC2-4A2A-BD89-BA8DC8626CAA}"
EndProject
Project("{FAE04EC0-301F-11D3-BF4B-00C04F79EFBC}") = "WcfConfigCenterConsole", "WcfConfigCenterConsole\WcfConfigCenterConsole.csproj", "{11A64632-FA7B-4088-A1CF-221760C69963}"
EndProject
Project("{FAE04EC0-301F-11D3-BF4B-00C04F79EFBC}") = "WcfLogCenterConsole", "WcfLogCenterConsole\WcfLogCenterConsole.csproj", "{2A6EDDC6-B83F-49D4-8133-512CD125F530}"
EndProject
Project("{FAE04EC0-301F-11D3-BF4B-00C04F79EFBC}") = "PDM_Entity", "PDM_Entity\PDM_Entity.csproj", "{0057ECFD-DEE0-4AE5-B38A-65943746DE72}"
EndProject
Project("{FAE04EC0-301F-11D3-BF4B-00C04F79EFBC}") = "PDM_Server", "PDM_Server\PDM_Server.csproj", "{6DE37ED6-3344-48C3-9033-2D90847AE6D9}"
EndProject
Project("{FAE04EC0-301F-11D3-BF4B-00C04F79EFBC}") = "PDM_Services_Interface", "PDM_Services_Interface\PDM_Services_Interface.csproj", "{06ECE8D4-F2A8-45DF-B6AB-51A890528C3E}"
EndProject
Project("{FAE04EC0-301F-11D3-BF4B-00C04F79EFBC}") = "PDM_Services_Implementation", "PDM_Services_Implementation\PDM_Services_Implementation.csproj", "{B776975E-B77F-4746-8979-F22636F32682}"
EndProject
Global
	GlobalSection(SolutionConfigurationPlatforms) = preSolution
		Debug|Any CPU = Debug|Any CPU
		Release|Any CPU = Release|Any CPU
	EndGlobalSection
	GlobalSection(ProjectConfigurationPlatforms) = postSolution
		{0E7115DC-39AD-42FE-BD8A-E30D5EDB4D0E}.Debug|Any CPU.ActiveCfg = Debug|Any CPU
		{0E7115DC-39AD-42FE-BD8A-E30D5EDB4D0E}.Debug|Any CPU.Build.0 = Debug|Any CPU
		{0E7115DC-39AD-42FE-BD8A-E30D5EDB4D0E}.Release|Any CPU.ActiveCfg = Release|Any CPU
		{0E7115DC-39AD-42FE-BD8A-E30D5EDB4D0E}.Release|Any CPU.Build.0 = Release|Any CPU
		{5AAB9F8A-4498-48B9-8B2C-AF94961BC6B1}.Debug|Any CPU.ActiveCfg = Debug|Any CPU
		{5AAB9F8A-4498-48B9-8B2C-AF94961BC6B1}.Debug|Any CPU.Build.0 = Debug|Any CPU
		{5AAB9F8A-4498-48B9-8B2C-AF94961BC6B1}.Release|Any CPU.ActiveCfg = Release|Any CPU
		{5AAB9F8A-4498-48B9-8B2C-AF94961BC6B1}.Release|Any CPU.Build.0 = Release|Any CPU
		{92CABCA8-2DD2-48C6-8884-37791B003F40}.Debug|Any CPU.ActiveCfg = Debug|Any CPU
		{92CABCA8-2DD2-48C6-8884-37791B003F40}.Debug|Any CPU.Build.0 = Debug|Any CPU
		{92CABCA8-2DD2-48C6-8884-37791B003F40}.Release|Any CPU.ActiveCfg = Release|Any CPU
		{92CABCA8-2DD2-48C6-8884-37791B003F40}.Release|Any CPU.Build.0 = Release|Any CPU
		{7D437CF4-B7D4-414D-B660-583788D70A53}.Debug|Any CPU.ActiveCfg = Debug|Any CPU
		{7D437CF4-B7D4-414D-B660-583788D70A53}.Debug|Any CPU.Build.0 = Debug|Any CPU
		{7D437CF4-B7D4-414D-B660-583788D70A53}.Release|Any CPU.ActiveCfg = Release|Any CPU
		{7D437CF4-B7D4-414D-B660-583788D70A53}.Release|Any CPU.Build.0 = Release|Any CPU
		{6E6F7216-AEA2-4D6C-8536-2D29253984FB}.Debug|Any CPU.ActiveCfg = Debug|Any CPU
		{6E6F7216-AEA2-4D6C-8536-2D29253984FB}.Debug|Any CPU.Build.0 = Debug|Any CPU
		{6E6F7216-AEA2-4D6C-8536-2D29253984FB}.Release|Any CPU.ActiveCfg = Release|Any CPU
		{6E6F7216-AEA2-4D6C-8536-2D29253984FB}.Release|Any CPU.Build.0 = Release|Any CPU
		{1628E536-72EE-4577-8896-C9521705F787}.Debug|Any CPU.ActiveCfg = Debug|Any CPU
		{1628E536-72EE-4577-8896-C9521705F787}.Debug|Any CPU.Build.0 = Debug|Any CPU
		{1628E536-72EE-4577-8896-C9521705F787}.Release|Any CPU.ActiveCfg = Release|Any CPU
		{1628E536-72EE-4577-8896-C9521705F787}.Release|Any CPU.Build.0 = Release|Any CPU
		{8D824DFF-29CC-40C3-83DF-2ED1427A3B22}.Debug|Any CPU.ActiveCfg = Debug|Any CPU
		{8D824DFF-29CC-40C3-83DF-2ED1427A3B22}.Debug|Any CPU.Build.0 = Debug|Any CPU
		{8D824DFF-29CC-40C3-83DF-2ED1427A3B22}.Release|Any CPU.ActiveCfg = Release|Any CPU
		{8D824DFF-29CC-40C3-83DF-2ED1427A3B22}.Release|Any CPU.Build.0 = Release|Any CPU
		{510827DC-9C30-4168-90A3-43BC5239E6C9}.Debug|Any CPU.ActiveCfg = Debug|Any CPU
		{510827DC-9C30-4168-90A3-43BC5239E6C9}.Debug|Any CPU.Build.0 = Debug|Any CPU
		{510827DC-9C30-4168-90A3-43BC5239E6C9}.Release|Any CPU.ActiveCfg = Release|Any CPU
		{510827DC-9C30-4168-90A3-43BC5239E6C9}.Release|Any CPU.Build.0 = Release|Any CPU
		{57FF91E9-F377-47EB-8C01-B369B11339EC}.Debug|Any CPU.ActiveCfg = Debug|Any CPU
		{57FF91E9-F377-47EB-8C01-B369B11339EC}.Debug|Any CPU.Build.0 = Debug|Any CPU
		{57FF91E9-F377-47EB-8C01-B369B11339EC}.Release|Any CPU.ActiveCfg = Release|Any CPU
		{57FF91E9-F377-47EB-8C01-B369B11339EC}.Release|Any CPU.Build.0 = Release|Any CPU
		{C30A75AF-3D44-4FE5-9C71-CA25E7ED85DD}.Debug|Any CPU.ActiveCfg = Debug|Any CPU
		{C30A75AF-3D44-4FE5-9C71-CA25E7ED85DD}.Debug|Any CPU.Build.0 = Debug|Any CPU
		{C30A75AF-3D44-4FE5-9C71-CA25E7ED85DD}.Release|Any CPU.ActiveCfg = Release|Any CPU
		{C30A75AF-3D44-4FE5-9C71-CA25E7ED85DD}.Release|Any CPU.Build.0 = Release|Any CPU
		{19150777-C9DC-49D7-A376-447E78C766F0}.Debug|Any CPU.ActiveCfg = Debug|Any CPU
		{19150777-C9DC-49D7-A376-447E78C766F0}.Debug|Any CPU.Build.0 = Debug|Any CPU
		{19150777-C9DC-49D7-A376-447E78C766F0}.Release|Any CPU.ActiveCfg = Release|Any CPU
		{19150777-C9DC-49D7-A376-447E78C766F0}.Release|Any CPU.Build.0 = Release|Any CPU
		{96591F43-FE61-46C9-8FD6-8177B6BDEBBD}.Debug|Any CPU.ActiveCfg = Debug|Any CPU
		{96591F43-FE61-46C9-8FD6-8177B6BDEBBD}.Debug|Any CPU.Build.0 = Debug|Any CPU
		{96591F43-FE61-46C9-8FD6-8177B6BDEBBD}.Release|Any CPU.ActiveCfg = Release|Any CPU
		{96591F43-FE61-46C9-8FD6-8177B6BDEBBD}.Release|Any CPU.Build.0 = Release|Any CPU
		{F2A303C6-CC4B-4239-841F-14EDA38905EC}.Debug|Any CPU.ActiveCfg = Debug|Any CPU
		{F2A303C6-CC4B-4239-841F-14EDA38905EC}.Debug|Any CPU.Build.0 = Debug|Any CPU
		{F2A303C6-CC4B-4239-841F-14EDA38905EC}.Release|Any CPU.ActiveCfg = Release|Any CPU
		{F2A303C6-CC4B-4239-841F-14EDA38905EC}.Release|Any CPU.Build.0 = Release|Any CPU
		{A3E0A3E3-0BC2-4A2A-BD89-BA8DC8626CAA}.Debug|Any CPU.ActiveCfg = Debug|Any CPU
		{A3E0A3E3-0BC2-4A2A-BD89-BA8DC8626CAA}.Debug|Any CPU.Build.0 = Debug|Any CPU
		{A3E0A3E3-0BC2-4A2A-BD89-BA8DC8626CAA}.Release|Any CPU.ActiveCfg = Release|Any CPU
		{A3E0A3E3-0BC2-4A2A-BD89-BA8DC8626CAA}.Release|Any CPU.Build.0 = Release|Any CPU
		{11A64632-FA7B-4088-A1CF-221760C69963}.Debug|Any CPU.ActiveCfg = Debug|Any CPU
		{11A64632-FA7B-4088-A1CF-221760C69963}.Debug|Any CPU.Build.0 = Debug|Any CPU
		{11A64632-FA7B-4088-A1CF-221760C69963}.Release|Any CPU.ActiveCfg = Release|Any CPU
		{11A64632-FA7B-4088-A1CF-221760C69963}.Release|Any CPU.Build.0 = Release|Any CPU
		{2A6EDDC6-B83F-49D4-8133-512CD125F530}.Debug|Any CPU.ActiveCfg = Debug|Any CPU
		{2A6EDDC6-B83F-49D4-8133-512CD125F530}.Debug|Any CPU.Build.0 = Debug|Any CPU
		{2A6EDDC6-B83F-49D4-8133-512CD125F530}.Release|Any CPU.ActiveCfg = Release|Any CPU
		{2A6EDDC6-B83F-49D4-8133-512CD125F530}.Release|Any CPU.Build.0 = Release|Any CPU
		{0057ECFD-DEE0-4AE5-B38A-65943746DE72}.Debug|Any CPU.ActiveCfg = Debug|Any CPU
		{0057ECFD-DEE0-4AE5-B38A-65943746DE72}.Debug|Any CPU.Build.0 = Debug|Any CPU
		{0057ECFD-DEE0-4AE5-B38A-65943746DE72}.Release|Any CPU.ActiveCfg = Release|Any CPU
		{0057ECFD-DEE0-4AE5-B38A-65943746DE72}.Release|Any CPU.Build.0 = Release|Any CPU
		{6DE37ED6-3344-48C3-9033-2D90847AE6D9}.Debug|Any CPU.ActiveCfg = Debug|Any CPU
		{6DE37ED6-3344-48C3-9033-2D90847AE6D9}.Debug|Any CPU.Build.0 = Debug|Any CPU
		{6DE37ED6-3344-48C3-9033-2D90847AE6D9}.Release|Any CPU.ActiveCfg = Release|Any CPU
		{6DE37ED6-3344-48C3-9033-2D90847AE6D9}.Release|Any CPU.Build.0 = Release|Any CPU
		{06ECE8D4-F2A8-45DF-B6AB-51A890528C3E}.Debug|Any CPU.ActiveCfg = Debug|Any CPU
		{06ECE8D4-F2A8-45DF-B6AB-51A890528C3E}.Debug|Any CPU.Build.0 = Debug|Any CPU
		{06ECE8D4-F2A8-45DF-B6AB-51A890528C3E}.Release|Any CPU.ActiveCfg = Release|Any CPU
		{06ECE8D4-F2A8-45DF-B6AB-51A890528C3E}.Release|Any CPU.Build.0 = Release|Any CPU
		{B776975E-B77F-4746-8979-F22636F32682}.Debug|Any CPU.ActiveCfg = Debug|Any CPU
		{B776975E-B77F-4746-8979-F22636F32682}.Debug|Any CPU.Build.0 = Debug|Any CPU
		{B776975E-B77F-4746-8979-F22636F32682}.Release|Any CPU.ActiveCfg = Release|Any CPU
		{B776975E-B77F-4746-8979-F22636F32682}.Release|Any CPU.Build.0 = Release|Any CPU
	EndGlobalSection
	GlobalSection(SolutionProperties) = preSolution
		HideSolutionNode = FALSE
	EndGlobalSection
EndGlobal
